{
  "version": 4,
  "terraform_version": "1.3.1",
  "serial": 43,
  "lineage": "852b194c-8f68-7288-fb8e-4eca7eabcf4d",
  "outputs": {},
  "resources": [
    {
      "mode": "managed",
      "type": "snowflake_database",
      "name": "db",
      "provider": "provider[\"registry.terraform.io/snowflake-labs/snowflake\"]",
      "instances": [
        {
          "schema_version": 0,
          "attributes": {
            "comment": "",
            "data_retention_time_in_days": 1,
            "from_database": null,
            "from_replica": null,
            "from_share": null,
            "id": "MY_DB_forFunction",
            "is_transient": false,
            "name": "MY_DB_forFunction",
            "replication_configuration": [],
            "tag": []
          },
          "sensitive_attributes": [],
          "private": "bnVsbA=="
        }
      ]
    },
    {
      "mode": "managed",
      "type": "snowflake_schema",
      "name": "schema",
      "provider": "provider[\"registry.terraform.io/snowflake-labs/snowflake\"]",
      "instances": [
        {
          "schema_version": 0,
          "attributes": {
            "comment": "",
            "data_retention_days": 1,
            "database": "MY_DB_forFunction",
            "id": "MY_DB_forFunction|MY_SCHEMA_forFunction",
            "is_managed": false,
            "is_transient": false,
            "name": "MY_SCHEMA_forFunction",
            "tag": []
          },
          "sensitive_attributes": [],
          "private": "bnVsbA==",
          "dependencies": [
            "snowflake_database.db"
          ]
        }
      ]
    },
    {
      "mode": "managed",
      "type": "snowflake_warehouse",
      "name": "w",
      "provider": "provider[\"registry.terraform.io/snowflake-labs/snowflake\"]",
      "instances": [
        {
          "schema_version": 0,
          "attributes": {
            "auto_resume": true,
            "auto_suspend": 600,
            "comment": "foo",
            "id": "test2",
            "initially_suspended": null,
            "max_cluster_count": 0,
            "max_concurrency_level": 8,
            "min_cluster_count": 0,
            "name": "test2",
            "resource_monitor": "null",
            "scaling_policy": "",
            "statement_queued_timeout_in_seconds": 0,
            "statement_timeout_in_seconds": 172800,
            "tag": [],
            "wait_for_provisioning": null,
            "warehouse_size": "Small"
          },
          "sensitive_attributes": [],
          "private": "bnVsbA=="
        }
      ]
    }
  ],
  "check_results": []
}
